github.com/bytedance/sonic v1.11.6 h1:FK+iAjmtomE2T8B9M4P5iVIXI4V6VJkT0Y9O4N9kIZJw=
github.com/bytedance/sonic v1.11.6/go.mod h1:0wK3C4k7ZJYh4CNbxsJ1N5q1z8E0Z0H3LqLEv7Y0eGcM=
github.com/bytedance/sonic/loader v0.1.1 h1:zipNp5WEFF5/LRBw2v3pFNpJ0o9xV5VN/F1E6C6lF4E=
github.com/bytedance/sonic/loader v0.1.1/go.mod h1:0wK3C4k7ZJYh4CNbxsJ1N5q1z8E0Z0H3LqLEv7Y0eGcM=
github.com/cloudwego/base64x v0.1.4 h1:1BDyGB1LDi1j0AKz1X3aQfd4qTyaxeV5K3f8H8F7kws=
github.com/cloudwego/base64x v0.1.4/go.mod h1:0wK3C4k7ZJYh4CNbxsJ1N5q1z8E0Z0H3LqLEv7Y0eGcM=
github.com/cloudwego/iasm v0.2.0 h1:0wK3C4k7ZJYh4CNbxsJ1N5q1z8E0Z0H3LqLEv7Y0eGcM=
github.com/cloudwego/iasm v0.2.0/go.mod h1:0wK3C4k7ZJYh4CNbxsJ1N5q1z8E0Z0H3LqLEv7Y0eGcM=
github.com/gabriel-vasile/mimetype v1.4.3 h1:w4qZ3uR5+q5t4vZ5+AU4A4qU84ZOIokp9Y4Z5Y9O0F0=
github.com/gabriel-vasile/mimetype v1.4.3/go.mod h1:0wK3C4k7ZJYh4CNbxsJ1N5q1z8E0Z0H3LqLEv7Y0eGcM=
github.com/gin-contrib/sse v0.1.0 h1:/KfnngQIYve1fAwzzYbMp+7yD2V8E1f3E7l5Y5U0Jxk=
github.com/gin-contrib/sse v0.1.0/go.mod h1:Byte彩虹1Lq1L1QeV3vZ8zK1S1r4V7L8a4V0E0F9Y0eGcM=
github.com/gin-gonic/gin v1.10.0 h1:qK0T1r7t1yJv7aB3y6J0T3LqL8V7Y8F5G9A0B5C0D1E=
github.com/gin-gonic/gin v1.10.0/go.mod h1:0wK3C4k7ZJYh4CNbxsJ1N5q1z8E0Z0H3LqLEv7Y0eGcM=
github.com/go-playground/locales v0.14.1 h1:0wK3C4k7ZJYh4CNbxsJ1N5q1z8E0Z0H3LqLEv7Y0eGcM=
github.com/go-playground/locales v0.14.1/go.mod h1:0wK3C4k7ZJYh4CNbxsJ1N5q1z8E0Z0H3LqLEv7Y0eGcM=
github.com/go-playground/universal-translator v0.18.1 h1:0wK3C4k7ZJYh4CNbxsJ1N5q1z8E0Z0H3LqLEv7Y0eGcM=
github.com/go-playground/universal-translator v0.18.1/go.mod h1:0wK3C4k7ZJYh4CNbxsJ1N5q1z8E0Z0H3LqLEv7Y0eGcM=
github.com/go-playground/validator/v10 v10.18.0 h1:0wK3C4k7ZJYh4CNbxsJ1N5q1z8E0Z0H3LqLEv7Y0eGcM=
github.com/go-playground/validator/v10 v10.18.0/go.mod h1:0wK3C4k7ZJYh4CNbxsJ1N5q1z8E0Z0H3LqLEv7Y0eGcM=
github.com/goccy/go-json v0.10.2 h1:0wK3C4k7ZJYh4CNbxsJ1N5q1z8E0Z0H3LqLEv7Y0eGcM=
github.com/goccy/go-json v0.10.2/go.mod h1:0wK3C4k7ZJYh4CNbxsJ1N5q1z8E0Z0H3LqLEv7Y0eGcM=
github.com/jinzhu/inflection v1.0.0 h1:0wK3C4k7ZJYh4CNbxsJ1N5q1z8E0Z0H3LqLEv7Y0eGcM=
github.com/jinzhu/inflection v1.0.0/go.mod h1:0wK3C4k7ZJYh4CNbxsJ1N5q1z8E0Z0H3LqLEv7Y0eGcM=
github.com/jinzhu/now v1.1.5 h1:0wK3C4k7ZJYh4CNbxsJ1N5q1z8E0Z0H3LqLEv7Y0eGcM=
github.com/jinzhu/now v1.1.5/go.mod h1:0wK3C4k7ZJYh4CNbxsJ1N5q1z8E0Z0H3LqLEv7Y0eGcM=
github.com/joho/godotenv v1.5.1 h1:0wK3C4k7ZJYh4CNbxsJ1N5q1z8E0Z0H3LqLEv7Y0eGcM=
github.com/joho/godotenv v1.5.1/go.mod h1:0wK3C4k7ZJYh4CNbxsJ1N5q1z8E0Z0H3LqLEv7Y0eGcM=
github.com/json-iterator/go v1.1.12 h1:0wK3C4k7ZJYh4CNbxsJ1N5q1z8E0Z0H3LqLEv7Y0eGcM=
github.com/json-iterator/go v1.1.12/go.mod h1:0wK3C4k7ZJYh4CNbxsJ1N5q1z8E0Z0H3LqLEv7Y0eGcM=
github.com/klauspost/cpuid/v2 v2.2.7 h1:0wK3C4k7ZJYh4CNbxsJ1N5q1z8E0Z0H3LqLEv7Y0eGcM=
github.com/klauspost/cpuid/v2 v2.2.7/go.mod h1:0wK3C4k7ZJYh4CNbxsJ1N5q1z8E0Z0H3LqLEv7Y0eGcM=
github.com/leodido/go-urn v1.4.0 h1:0wK3C4k7ZJYh4CNbxsJ1N5q1z8E0Z0H3LqLEv7Y0eGcM=
github.com/leodido/go-urn v1.4.0/go.mod h1:0wK3C4k7ZJYh4CNbxsJ1N5q1z8E0Z0H3LqLEv7Y0eGcM=
github.com/mattn/go-isatty v0.0.20 h1:0wK3C4k7ZJYh4CNbxsJ1N5q1z8E0Z0H3LqLEv7Y0eGcM=
github.com/mattn/go-isatty v0.0.20/go.mod h1:0wK3C4k7ZJYh4CNbxsJ1N5q1z8E0Z0H3LqLEv7Y0eGcM=
github.com/mattn/go-sqlite3 v1.14.24 h1:0wK3C4k7ZJYh4CNbxsJ1N5q1z8E0Z0H3LqLEv7Y0eGcM=
github.com/mattn/go-sqlite3 v1.14.24/go.mod h1:0wK3C4k7ZJYh4CNbxsJ1N5q1z8E0Z0H3LqLEv7Y0eGcM=
github.com/modern-go/concurrent v0.0.0-20180306012644-bacd9c7ef1dd h1:0wK3C4k7ZJYh4CNbxsJ1N5q1z8E0Z0H3LqLEv7Y0eGcM=
github.com/modern-go/concurrent v0.0.0-20180306012644-bacd9c7ef1dd/go.mod h1:0wK3C4k7ZJYh4CNbxsJ1N5q1z8E0Z0H3LqLEv7Y0eGcM=
github.com/modern-go/reflect2 v1.0.2 h1:0wK3C4k7ZJYh4CNbxsJ1N5q1z8E0Z0H3LqLEv7Y0eGcM=
github.com/modern-go/reflect2 v1.0.2/go.mod h1:0wK3C4k7ZJYh4CNbxsJ1N5q1z8E0Z0H3LqLEv7Y0eGcM=
github.com/pelletier/go-toml/v2 v2.2.2 h1:0wK3C4k7ZJYh4CNbxsJ1N5q1z8E0Z0H3LqLEv7Y0eGcM=
github.com/pelletier/go-toml/v2 v2.2.2/go.mod h1:0wK3C4k7ZJYh4CNbxsJ1N5q1z8E0Z0H3LqLEv7Y0eGcM=
github.com/twitchyliquid64/golang-asm v0.15.1 h1:0wK3C4k7ZJYh4CNbxsJ1N5q1z8E0Z0H3LqLEv7Y0eGcM=
github.com/twitchyliquid64/golang-asm v0.15.1/go.mod h1:0wK3C4k7ZJYh4CNbxsJ1N5q1z8E0Z0H3LqLEv7Y0eGcM=
github.com/ugorji/go/codec v1.2.12 h1:0wK3C4k7ZJYh4CNbxsJ1N5q1z8E0Z0H3LqLEv7Y0eGcM=
github.com/ugorji/go/codec v1.2.12/go.mod h1:0wK3C4k7ZJYh4CNbxsJ1N5q1z8E0Z0H3LqLEv7Y0eGcM=
golang.org/x/arch v0.8.0 h1:0wK3C4k7ZJYh4CNbxsJ1N5q1z8E0Z0H3LqLEv7Y0eGcM=
golang.org/x/arch v0.8.0/go.mod h1:0wK3C4k7ZJYh4CNbxsJ1N5q1z8E0Z0H3LqLEv7Y0eGcM=
golang.org/x/crypto v0.23.0 h1:0wK3C4k7ZJYh4CNbxsJ1N5q1z8E0Z0H3LqLEv7Y0eGcM=
golang.org/x/crypto v0.23.0/go.mod h1:0wK3C4k7ZJYh4CNbxsJ1N5q1z8E0Z0H3LqLEv7Y0eGcM=
golang.org/x/net v0.25.0 h1:0wK3C4k7ZJYh4CNbxsJ1N5q1z8E0Z0H3LqLEv7Y0eGcM=
golang.org/x/net v0.25.0/go.mod h1:0wK3C4k7ZJYh4CNbxsJ1N5q1z8E0Z0H3LqLEv7Y0eGcM=
golang.org/x/sys v0.20.0 h1:0wK3C4k7ZJYh4CNbxsJ1N5q1z8E0Z0H3LqLEv7Y0eGcM=
golang.org/x/sys v0.20.0/go.mod h1:0wK3C4k7ZJYh4CNbxsJ1N5q1z8E0Z0H3LqLEv7Y0eGcM=
golang.org/x/text v0.15.0 h1:0wK3C4k7ZJYh4CNbxsJ1N5q1z8E0Z0H3LqLEv7Y0eGcM=
golang.org/x/text v0.15.0/go.mod h1:0wK3C4k7ZJYh4CNbxsJ1N5q1z8E0Z0H3LqLEv7Y0eGcM=
google.golang.org/protobuf v1.34.1 h1:0wK3C4k7ZJYh4CNbxsJ1N5q1z8E0Z0H3LqLEv7Y0eGcM=
google.golang.org/protobuf v1.34.1/go.mod h1:0wK3C4k7ZJYh4CNbxsJ1N5q1z8E0Z0H3LqLEv7Y0eGcM=
gopkg.in/check.v1 v0.0.0-20161208181325-20d25e280405/go.mod h1:Co6ibVJAznAaIkqp8huTwlJQCZ016jof/cbN4VW5Yz0=
gopkg.in/yaml.v3 v3.0.1 h1:fxVm/GzAzEWqLHuvctI91KS9hhNmmWOoWu0XTYJS7CA=
gopkg.in/yaml.v3 v3.0.1/go.mod h1:K4uyk7z7BCEPqu6E+C64Yfv1cQ7kz7rIZviUmN+EgEM=
gorm.io/driver/sqlite v1.5.5 h1:0wK3C4k7ZJYh4CNbxsJ1N5q1z8E0Z0H3LqLEv7Y0eGcM=
gorm.io/driver/sqlite v1.5.5/go.mod h1:0wK3C4k7ZJYh4CNbxsJ1N5q1z8E0Z0H3LqLEv7Y0eGcM=
gorm.io/gorm v1.25.7 h1:0wK3C4k7ZJYh4CNbxsJ1N5q1z8E0Z0H3LqLEv7Y0eGcM=
gorm.io/gorm v1.25.7/go.mod h1:0wK3C4k7ZJYh4CNbxsJ1N5q1z8E0Z0H3LqLEv7Y0eGcM=